
Microsoft Visual Studio Solution File, Format Version 12.00
# Visual Studio Version 17
VisualStudioVersion = 17.4.33213.308
MinimumVisualStudioVersion = 10.0.40219.1
Project("{FAE04EC0-301F-11D3-BF4B-00C04F79EFBC}") = "AddCoverToVideoFile", "AddCoverToVideoFile\AddCoverToVideoFile.csproj", "{72F9627D-D3F5-4C9D-9D6C-2C80372EEE5F}"
EndProject
Global
	GlobalSection(SolutionConfigurationPlatforms) = preSolution
		Debug|Any CPU = Debug|Any CPU
		Release|Any CPU = Release|Any CPU
	EndGlobalSection
	GlobalSection(ProjectConfigurationPlatforms) = postSolution
		{72F9627D-D3F5-4C9D-9D6C-2C80372EEE5F}.Debug|Any CPU.ActiveCfg = Debug|Any CPU
		{72F9627D-D3F5-4C9D-9D6C-2C80372EEE5F}.Debug|Any CPU.Build.0 = Debug|Any CPU
		{72F9627D-D3F5-4C9D-9D6C-2C80372EEE5F}.Release|Any CPU.ActiveCfg = Release|Any CPU
		{72F9627D-D3F5-4C9D-9D6C-2C80372EEE5F}.Release|Any CPU.Build.0 = Release|Any CPU
	EndGlobalSection
	GlobalSection(SolutionProperties) = preSolution
		HideSolutionNode = FALSE
	EndGlobalSection
	GlobalSection(ExtensibilityGlobals) = postSolution
		SolutionGuid = {153DACA1-A11F-4CE6-AB9F-AC044A055540}
	EndGlobalSection
EndGlobal
